
Microsoft Visual Studio Solution File, Format Version 12.00
# Visual Studio 14
VisualStudioVersion = 14.0.25123.0
MinimumVisualStudioVersion = 10.0.40219.1
Project("{2150E333-8FDC-42A3-9474-1A3956D46DE8}") = "Domain", "Domain", "{1F6DA27A-F6AC-46BA-818A-6C4EBF6E5D71}"
EndProject
Project("{FAE04EC0-301F-11D3-BF4B-00C04F79EFBC}") = "Seguro.Viagem.Srv.Domain.Enum", "Domain\Seguro.Viagem.Srv.Domain.Enum\Seguro.Viagem.Srv.Domain.Enum.csproj", "{B2827BFC-F6F8-46D4-BA52-A61561EEB6BB}"
EndProject
Project("{FAE04EC0-301F-11D3-BF4B-00C04F79EFBC}") = "Seguro.Viagem.Srv.DataTransferObject", "Domain\Seguro.Viagem.Srv.DataTransferObject\Seguro.Viagem.Srv.DataTransferObject.csproj", "{CD24D20A-747E-497E-8C8E-75A0403C8A43}"
EndProject
Project("{FAE04EC0-301F-11D3-BF4B-00C04F79EFBC}") = "Seguro.Viagem.Srv.Domain.Service", "Domain\Seguro.Viagem.Srv.Domain.Service\Seguro.Viagem.Srv.Domain.Service.csproj", "{BF6BC6A5-A0BA-4533-905E-FA800D27D76B}"
EndProject
Global
	GlobalSection(SolutionConfigurationPlatforms) = preSolution
		Debug|Any CPU = Debug|Any CPU
		Release|Any CPU = Release|Any CPU
	EndGlobalSection
	GlobalSection(ProjectConfigurationPlatforms) = postSolution
		{B2827BFC-F6F8-46D4-BA52-A61561EEB6BB}.Debug|Any CPU.ActiveCfg = Debug|Any CPU
		{B2827BFC-F6F8-46D4-BA52-A61561EEB6BB}.Debug|Any CPU.Build.0 = Debug|Any CPU
		{B2827BFC-F6F8-46D4-BA52-A61561EEB6BB}.Release|Any CPU.ActiveCfg = Release|Any CPU
		{B2827BFC-F6F8-46D4-BA52-A61561EEB6BB}.Release|Any CPU.Build.0 = Release|Any CPU
		{CD24D20A-747E-497E-8C8E-75A0403C8A43}.Debug|Any CPU.ActiveCfg = Debug|Any CPU
		{CD24D20A-747E-497E-8C8E-75A0403C8A43}.Debug|Any CPU.Build.0 = Debug|Any CPU
		{CD24D20A-747E-497E-8C8E-75A0403C8A43}.Release|Any CPU.ActiveCfg = Release|Any CPU
		{CD24D20A-747E-497E-8C8E-75A0403C8A43}.Release|Any CPU.Build.0 = Release|Any CPU
		{BF6BC6A5-A0BA-4533-905E-FA800D27D76B}.Debug|Any CPU.ActiveCfg = Debug|Any CPU
		{BF6BC6A5-A0BA-4533-905E-FA800D27D76B}.Debug|Any CPU.Build.0 = Debug|Any CPU
		{BF6BC6A5-A0BA-4533-905E-FA800D27D76B}.Release|Any CPU.ActiveCfg = Release|Any CPU
		{BF6BC6A5-A0BA-4533-905E-FA800D27D76B}.Release|Any CPU.Build.0 = Release|Any CPU
	EndGlobalSection
	GlobalSection(SolutionProperties) = preSolution
		HideSolutionNode = FALSE
	EndGlobalSection
	GlobalSection(NestedProjects) = preSolution
		{B2827BFC-F6F8-46D4-BA52-A61561EEB6BB} = {1F6DA27A-F6AC-46BA-818A-6C4EBF6E5D71}
		{CD24D20A-747E-497E-8C8E-75A0403C8A43} = {1F6DA27A-F6AC-46BA-818A-6C4EBF6E5D71}
		{BF6BC6A5-A0BA-4533-905E-FA800D27D76B} = {1F6DA27A-F6AC-46BA-818A-6C4EBF6E5D71}
	EndGlobalSection
EndGlobal
